
Microsoft Visual Studio Solution File, Format Version 12.00
# Visual Studio Version 16
VisualStudioVersion = 16.0.30114.105
MinimumVisualStudioVersion = 10.0.40219.1
Project("{FAE04EC0-301F-11D3-BF4B-00C04F79EFBC}") = "NewPizzaTask", "NewPizzaTask\NewPizzaTask.csproj", "{34FE7ADE-C624-4E4C-A57B-7D5D18433844}"
EndProject
Global
	GlobalSection(SolutionConfigurationPlatforms) = preSolution
		Debug|Any CPU = Debug|Any CPU
		Release|Any CPU = Release|Any CPU
	EndGlobalSection
	GlobalSection(ProjectConfigurationPlatforms) = postSolution
		{34FE7ADE-C624-4E4C-A57B-7D5D18433844}.Debug|Any CPU.ActiveCfg = Debug|Any CPU
		{34FE7ADE-C624-4E4C-A57B-7D5D18433844}.Debug|Any CPU.Build.0 = Debug|Any CPU
		{34FE7ADE-C624-4E4C-A57B-7D5D18433844}.Release|Any CPU.ActiveCfg = Release|Any CPU
		{34FE7ADE-C624-4E4C-A57B-7D5D18433844}.Release|Any CPU.Build.0 = Release|Any CPU
	EndGlobalSection
	GlobalSection(SolutionProperties) = preSolution
		HideSolutionNode = FALSE
	EndGlobalSection
	GlobalSection(ExtensibilityGlobals) = postSolution
		SolutionGuid = {C62FA292-130A-4351-B83A-21DA99FD6A71}
	EndGlobalSection
EndGlobal
